{
  "name": "tycho-companion-openpets-prototype",
  "lockfileVersion": 2,
  "requires": true,
  "packages": {
    "": {
      "name": "tycho-companion-openpets-prototype",
      "devDependencies": {
        "@open-pets/plugin-sdk": "3.0.0"
      }
    },
    "node_modules/@open-pets/plugin-sdk": {
      "version": "3.0.0",
      "resolved": "https://registry.npmjs.org/@open-pets/plugin-sdk/-/plugin-sdk-3.0.0.tgz",
      "integrity": "sha512-Y0I0ojfZIp4gbIYBAvQJ94xaFGZFQcAEeCeBCBEnLhuCrHeHhtWmnmIWZPB+OiQw/9vc3Nfhs1veq761AVFLQw==",
      "dev": true
    }
  },
  "dependencies": {
    "@open-pets/plugin-sdk": {
      "version": "3.0.0",
      "resolved": "https://registry.npmjs.org/@open-pets/plugin-sdk/-/plugin-sdk-3.0.0.tgz",
      "integrity": "sha512-Y0I0ojfZIp4gbIYBAvQJ94xaFGZFQcAEeCeBCBEnLhuCrHeHhtWmnmIWZPB+OiQw/9vc3Nfhs1veq761AVFLQw==",
      "dev": true
    }
  }
}
